
Microsoft Visual Studio Solution File, Format Version 12.00
# Visual Studio Version 17
VisualStudioVersion = 17.0.31903.59
MinimumVisualStudioVersion = 10.0.40219.1
Project("{FAE04EC0-301F-11D3-BF4B-00C04F79EFBC}") = "Domain", "Domain\Domain.csproj", "{0EC8DD89-CBCD-419F-82C0-38E44DB870DF}"
EndProject
Project("{FAE04EC0-301F-11D3-BF4B-00C04F79EFBC}") = "Infrastructure", "Infrastructure\Infrastructure.csproj", "{E8401198-00AC-4B56-9F6F-3717F01A8918}"
EndProject
Project("{FAE04EC0-301F-11D3-BF4B-00C04F79EFBC}") = "MainApp", "MainApp\MainApp.csproj", "{8C59E8AC-A89D-4D1A-BE65-57820D6453EF}"
EndProject
Global
	GlobalSection(SolutionConfigurationPlatforms) = preSolution
		Debug|Any CPU = Debug|Any CPU
		Release|Any CPU = Release|Any CPU
	EndGlobalSection
	GlobalSection(SolutionProperties) = preSolution
		HideSolutionNode = FALSE
	EndGlobalSection
	GlobalSection(ProjectConfigurationPlatforms) = postSolution
		{0EC8DD89-CBCD-419F-82C0-38E44DB870DF}.Debug|Any CPU.ActiveCfg = Debug|Any CPU
		{0EC8DD89-CBCD-419F-82C0-38E44DB870DF}.Debug|Any CPU.Build.0 = Debug|Any CPU
		{0EC8DD89-CBCD-419F-82C0-38E44DB870DF}.Release|Any CPU.ActiveCfg = Release|Any CPU
		{0EC8DD89-CBCD-419F-82C0-38E44DB870DF}.Release|Any CPU.Build.0 = Release|Any CPU
		{E8401198-00AC-4B56-9F6F-3717F01A8918}.Debug|Any CPU.ActiveCfg = Debug|Any CPU
		{E8401198-00AC-4B56-9F6F-3717F01A8918}.Debug|Any CPU.Build.0 = Debug|Any CPU
		{E8401198-00AC-4B56-9F6F-3717F01A8918}.Release|Any CPU.ActiveCfg = Release|Any CPU
		{E8401198-00AC-4B56-9F6F-3717F01A8918}.Release|Any CPU.Build.0 = Release|Any CPU
		{8C59E8AC-A89D-4D1A-BE65-57820D6453EF}.Debug|Any CPU.ActiveCfg = Debug|Any CPU
		{8C59E8AC-A89D-4D1A-BE65-57820D6453EF}.Debug|Any CPU.Build.0 = Debug|Any CPU
		{8C59E8AC-A89D-4D1A-BE65-57820D6453EF}.Release|Any CPU.ActiveCfg = Release|Any CPU
		{8C59E8AC-A89D-4D1A-BE65-57820D6453EF}.Release|Any CPU.Build.0 = Release|Any CPU
	EndGlobalSection
EndGlobal
